
Microsoft Visual Studio Solution File, Format Version 12.00
# Visual Studio Version 17
VisualStudioVersion = 17.1.32421.90
MinimumVisualStudioVersion = 10.0.40219.1
Project("{9A19103F-16F7-4668-BE54-9A1E7A4F7556}") = "AspNetCoreOcrDemo.Net9", "AspNetCoreOcrDemo.Net9.csproj", "{E3BCBD6F-564E-454F-9F9F-1E7E4ACE0B8B}"
EndProject
Global
	GlobalSection(SolutionConfigurationPlatforms) = preSolution
		Debug|Any CPU = Debug|Any CPU
		Release|Any CPU = Release|Any CPU
	EndGlobalSection
	GlobalSection(ProjectConfigurationPlatforms) = postSolution
		{E3BCBD6F-564E-454F-9F9F-1E7E4ACE0B8B}.Debug|Any CPU.ActiveCfg = Debug|Any CPU
		{E3BCBD6F-564E-454F-9F9F-1E7E4ACE0B8B}.Debug|Any CPU.Build.0 = Debug|Any CPU
		{E3BCBD6F-564E-454F-9F9F-1E7E4ACE0B8B}.Release|Any CPU.ActiveCfg = Release|Any CPU
		{E3BCBD6F-564E-454F-9F9F-1E7E4ACE0B8B}.Release|Any CPU.Build.0 = Release|Any CPU
	EndGlobalSection
	GlobalSection(SolutionProperties) = preSolution
		HideSolutionNode = FALSE
	EndGlobalSection
	GlobalSection(ExtensibilityGlobals) = postSolution
		SolutionGuid = {015A0F76-4C4D-4B6D-9FAF-7A26F5E2F9AC}
	EndGlobalSection
EndGlobal
